
Microsoft Visual Studio Solution File, Format Version 12.00
# Visual Studio Version 17
VisualStudioVersion = 17.9.34723.18
MinimumVisualStudioVersion = 10.0.40219.1
Project("{FAE04EC0-301F-11D3-BF4B-00C04F79EFBC}") = "ShopSystemTechDb", "ShopSystemTechDb\ShopSystemTechDb.csproj", "{8457CD00-205C-4EBB-8284-A74F3B78A68E}"
EndProject
Global
	GlobalSection(SolutionConfigurationPlatforms) = preSolution
		Debug|Any CPU = Debug|Any CPU
		Release|Any CPU = Release|Any CPU
	EndGlobalSection
	GlobalSection(ProjectConfigurationPlatforms) = postSolution
		{8457CD00-205C-4EBB-8284-A74F3B78A68E}.Debug|Any CPU.ActiveCfg = Debug|Any CPU
		{8457CD00-205C-4EBB-8284-A74F3B78A68E}.Debug|Any CPU.Build.0 = Debug|Any CPU
		{8457CD00-205C-4EBB-8284-A74F3B78A68E}.Release|Any CPU.ActiveCfg = Release|Any CPU
		{8457CD00-205C-4EBB-8284-A74F3B78A68E}.Release|Any CPU.Build.0 = Release|Any CPU
	EndGlobalSection
	GlobalSection(SolutionProperties) = preSolution
		HideSolutionNode = FALSE
	EndGlobalSection
	GlobalSection(ExtensibilityGlobals) = postSolution
		SolutionGuid = {4CFFA4C1-BD76-43FD-A740-3B31F61142B7}
	EndGlobalSection
EndGlobal
